
Microsoft Visual Studio Solution File, Format Version 12.00
# Visual Studio Version 16
VisualStudioVersion = 16.0.30011.22
MinimumVisualStudioVersion = 10.0.40219.1
Project("{FAE04EC0-301F-11D3-BF4B-00C04F79EFBC}") = "TickTest", "TickTest\TickTest.csproj", "{526EDCC2-06CA-4D22-9FA5-C2F862B43651}"
EndProject
Project("{FAE04EC0-301F-11D3-BF4B-00C04F79EFBC}") = "TickTest.Droid", "TickTest.Droid\TickTest.Droid.csproj", "{D4507F7B-BF17-428B-9D1B-33119F93D7B0}"
EndProject
Project("{FAE04EC0-301F-11D3-BF4B-00C04F79EFBC}") = "TickTest.iOS", "TickTest.iOS\TickTest.iOS.csproj", "{8E36BEB2-2650-4FF2-806F-ECCDD5DC6085}"
EndProject
Project("{FAE04EC0-301F-11D3-BF4B-00C04F79EFBC}") = "TickTest.UWP", "TickTest.UWP\TickTest.UWP.csproj", "{A5DEE723-823F-4588-B91C-38F7D3727B53}"
EndProject
Project("{9A19103F-16F7-4668-BE54-9A1E7A4F7556}") = "Tick", "..\..\Tick\Tick.csproj", "{7F465180-A4F9-4F3A-879E-432C3A0B1D7E}"
EndProject
Global
	GlobalSection(SolutionConfigurationPlatforms) = preSolution
		Debug|Any CPU = Debug|Any CPU
		Debug|ARM = Debug|ARM
		Debug|iPhone = Debug|iPhone
		Debug|iPhoneSimulator = Debug|iPhoneSimulator
		Debug|x64 = Debug|x64
		Debug|x86 = Debug|x86
		Release|Any CPU = Release|Any CPU
		Release|ARM = Release|ARM
		Release|iPhone = Release|iPhone
		Release|iPhoneSimulator = Release|iPhoneSimulator
		Release|x64 = Release|x64
		Release|x86 = Release|x86
	EndGlobalSection
	GlobalSection(ProjectConfigurationPlatforms) = postSolution
		{526EDCC2-06CA-4D22-9FA5-C2F862B43651}.Debug|Any CPU.ActiveCfg = Debug|Any CPU
		{526EDCC2-06CA-4D22-9FA5-C2F862B43651}.Debug|Any CPU.Build.0 = Debug|Any CPU
		{526EDCC2-06CA-4D22-9FA5-C2F862B43651}.Debug|ARM.ActiveCfg = Debug|Any CPU
		{526EDCC2-06CA-4D22-9FA5-C2F862B43651}.Debug|ARM.Build.0 = Debug|Any CPU
		{526EDCC2-06CA-4D22-9FA5-C2F862B43651}.Debug|iPhone.ActiveCfg = Debug|Any CPU
		{526EDCC2-06CA-4D22-9FA5-C2F862B43651}.Debug|iPhone.Build.0 = Debug|Any CPU
		{526EDCC2-06CA-4D22-9FA5-C2F862B43651}.Debug|iPhoneSimulator.ActiveCfg = Debug|Any CPU
		{526EDCC2-06CA-4D22-9FA5-C2F862B43651}.Debug|iPhoneSimulator.Build.0 = Debug|Any CPU
		{526EDCC2-06CA-4D22-9FA5-C2F862B43651}.Debug|x64.ActiveCfg = Debug|Any CPU
		{526EDCC2-06CA-4D22-9FA5-C2F862B43651}.Debug|x64.Build.0 = Debug|Any CPU
		{526EDCC2-06CA-4D22-9FA5-C2F862B43651}.Debug|x86.ActiveCfg = Debug|Any CPU
		{526EDCC2-06CA-4D22-9FA5-C2F862B43651}.Debug|x86.Build.0 = Debug|Any CPU
		{526EDCC2-06CA-4D22-9FA5-C2F862B43651}.Release|Any CPU.ActiveCfg = Release|Any CPU
		{526EDCC2-06CA-4D22-9FA5-C2F862B43651}.Release|Any CPU.Build.0 = Release|Any CPU
		{526EDCC2-06CA-4D22-9FA5-C2F862B43651}.Release|ARM.ActiveCfg = Release|Any CPU
		{526EDCC2-06CA-4D22-9FA5-C2F862B43651}.Release|ARM.Build.0 = Release|Any CPU
		{526EDCC2-06CA-4D22-9FA5-C2F862B43651}.Release|iPhone.ActiveCfg = Release|Any CPU
		{526EDCC2-06CA-4D22-9FA5-C2F862B43651}.Release|iPhone.Build.0 = Release|Any CPU
		{526EDCC2-06CA-4D22-9FA5-C2F862B43651}.Release|iPhoneSimulator.ActiveCfg = Release|Any CPU
		{526EDCC2-06CA-4D22-9FA5-C2F862B43651}.Release|iPhoneSimulator.Build.0 = Release|Any CPU
		{526EDCC2-06CA-4D22-9FA5-C2F862B43651}.Release|x64.ActiveCfg = Release|Any CPU
		{526EDCC2-06CA-4D22-9FA5-C2F862B43651}.Release|x64.Build.0 = Release|Any CPU
		{526EDCC2-06CA-4D22-9FA5-C2F862B43651}.Release|x86.ActiveCfg = Release|Any CPU
		{526EDCC2-06CA-4D22-9FA5-C2F862B43651}.Release|x86.Build.0 = Release|Any CPU
		{D4507F7B-BF17-428B-9D1B-33119F93D7B0}.Debug|Any CPU.ActiveCfg = Debug|Any CPU
		{D4507F7B-BF17-428B-9D1B-33119F93D7B0}.Debug|Any CPU.Build.0 = Debug|Any CPU
		{D4507F7B-BF17-428B-9D1B-33119F93D7B0}.Debug|Any CPU.Deploy.0 = Debug|Any CPU
		{D4507F7B-BF17-428B-9D1B-33119F93D7B0}.Debug|ARM.ActiveCfg = Debug|Any CPU
		{D4507F7B-BF17-428B-9D1B-33119F93D7B0}.Debug|ARM.Build.0 = Debug|Any CPU
		{D4507F7B-BF17-428B-9D1B-33119F93D7B0}.Debug|ARM.Deploy.0 = Debug|Any CPU
		{D4507F7B-BF17-428B-9D1B-33119F93D7B0}.Debug|iPhone.ActiveCfg = Debug|Any CPU
		{D4507F7B-BF17-428B-9D1B-33119F93D7B0}.Debug|iPhone.Build.0 = Debug|Any CPU
		{D4507F7B-BF17-428B-9D1B-33119F93D7B0}.Debug|iPhone.Deploy.0 = Debug|Any CPU
		{D4507F7B-BF17-428B-9D1B-33119F93D7B0}.Debug|iPhoneSimulator.ActiveCfg = Debug|Any CPU
		{D4507F7B-BF17-428B-9D1B-33119F93D7B0}.Debug|iPhoneSimulator.Build.0 = Debug|Any CPU
		{D4507F7B-BF17-428B-9D1B-33119F93D7B0}.Debug|iPhoneSimulator.Deploy.0 = Debug|Any CPU
		{D4507F7B-BF17-428B-9D1B-33119F93D7B0}.Debug|x64.ActiveCfg = Debug|Any CPU
		{D4507F7B-BF17-428B-9D1B-33119F93D7B0}.Debug|x64.Build.0 = Debug|Any CPU
		{D4507F7B-BF17-428B-9D1B-33119F93D7B0}.Debug|x64.Deploy.0 = Debug|Any CPU
		{D4507F7B-BF17-428B-9D1B-33119F93D7B0}.Debug|x86.ActiveCfg = Debug|Any CPU
		{D4507F7B-BF17-428B-9D1B-33119F93D7B0}.Debug|x86.Build.0 = Debug|Any CPU
		{D4507F7B-BF17-428B-9D1B-33119F93D7B0}.Debug|x86.Deploy.0 = Debug|Any CPU
		{D4507F7B-BF17-428B-9D1B-33119F93D7B0}.Release|Any CPU.ActiveCfg = Release|Any CPU
		{D4507F7B-BF17-428B-9D1B-33119F93D7B0}.Release|Any CPU.Build.0 = Release|Any CPU
		{D4507F7B-BF17-428B-9D1B-33119F93D7B0}.Release|Any CPU.Deploy.0 = Release|Any CPU
		{D4507F7B-BF17-428B-9D1B-33119F93D7B0}.Release|ARM.ActiveCfg = Release|Any CPU
		{D4507F7B-BF17-428B-9D1B-33119F93D7B0}.Release|ARM.Build.0 = Release|Any CPU
		{D4507F7B-BF17-428B-9D1B-33119F93D7B0}.Release|ARM.Deploy.0 = Release|Any CPU
		{D4507F7B-BF17-428B-9D1B-33119F93D7B0}.Release|iPhone.ActiveCfg = Release|Any CPU
		{D4507F7B-BF17-428B-9D1B-33119F93D7B0}.Release|iPhone.Build.0 = Release|Any CPU
		{D4507F7B-BF17-428B-9D1B-33119F93D7B0}.Release|iPhone.Deploy.0 = Release|Any CPU
		{D4507F7B-BF17-428B-9D1B-33119F93D7B0}.Release|iPhoneSimulator.ActiveCfg = Release|Any CPU
		{D4507F7B-BF17-428B-9D1B-33119F93D7B0}.Release|iPhoneSimulator.Build.0 = Release|Any CPU
		{D4507F7B-BF17-428B-9D1B-33119F93D7B0}.Release|iPhoneSimulator.Deploy.0 = Release|Any CPU
		{D4507F7B-BF17-428B-9D1B-33119F93D7B0}.Release|x64.ActiveCfg = Release|Any CPU
		{D4507F7B-BF17-428B-9D1B-33119F93D7B0}.Release|x64.Build.0 = Release|Any CPU
		{D4507F7B-BF17-428B-9D1B-33119F93D7B0}.Release|x64.Deploy.0 = Release|Any CPU
		{D4507F7B-BF17-428B-9D1B-33119F93D7B0}.Release|x86.ActiveCfg = Release|Any CPU
		{D4507F7B-BF17-428B-9D1B-33119F93D7B0}.Release|x86.Build.0 = Release|Any CPU
		{D4507F7B-BF17-428B-9D1B-33119F93D7B0}.Release|x86.Deploy.0 = Release|Any CPU
		{8E36BEB2-2650-4FF2-806F-ECCDD5DC6085}.Debug|Any CPU.ActiveCfg = Debug|iPhone
		{8E36BEB2-2650-4FF2-806F-ECCDD5DC6085}.Debug|ARM.ActiveCfg = Debug|iPhone
		{8E36BEB2-2650-4FF2-806F-ECCDD5DC6085}.Debug|iPhone.ActiveCfg = Debug|iPhone
		{8E36BEB2-2650-4FF2-806F-ECCDD5DC6085}.Debug|iPhone.Build.0 = Debug|iPhone
		{8E36BEB2-2650-4FF2-806F-ECCDD5DC6085}.Debug|iPhoneSimulator.ActiveCfg = Debug|iPhoneSimulator
		{8E36BEB2-2650-4FF2-806F-ECCDD5DC6085}.Debug|iPhoneSimulator.Build.0 = Debug|iPhoneSimulator
		{8E36BEB2-2650-4FF2-806F-ECCDD5DC6085}.Debug|x64.ActiveCfg = Debug|iPhone
		{8E36BEB2-2650-4FF2-806F-ECCDD5DC6085}.Debug|x86.ActiveCfg = Debug|iPhone
		{8E36BEB2-2650-4FF2-806F-ECCDD5DC6085}.Release|Any CPU.ActiveCfg = Release|iPhone
		{8E36BEB2-2650-4FF2-806F-ECCDD5DC6085}.Release|ARM.ActiveCfg = Release|iPhone
		{8E36BEB2-2650-4FF2-806F-ECCDD5DC6085}.Release|iPhone.ActiveCfg = Release|iPhone
		{8E36BEB2-2650-4FF2-806F-ECCDD5DC6085}.Release|iPhone.Build.0 = Release|iPhone
		{8E36BEB2-2650-4FF2-806F-ECCDD5DC6085}.Release|iPhoneSimulator.ActiveCfg = Release|iPhoneSimulator
		{8E36BEB2-2650-4FF2-806F-ECCDD5DC6085}.Release|iPhoneSimulator.Build.0 = Release|iPhoneSimulator
		{8E36BEB2-2650-4FF2-806F-ECCDD5DC6085}.Release|x64.ActiveCfg = Release|iPhone
		{8E36BEB2-2650-4FF2-806F-ECCDD5DC6085}.Release|x86.ActiveCfg = Release|iPhone
		{A5DEE723-823F-4588-B91C-38F7D3727B53}.Debug|Any CPU.ActiveCfg = Debug|x86
		{A5DEE723-823F-4588-B91C-38F7D3727B53}.Debug|ARM.ActiveCfg = Debug|ARM
		{A5DEE723-823F-4588-B91C-38F7D3727B53}.Debug|ARM.Build.0 = Debug|ARM
		{A5DEE723-823F-4588-B91C-38F7D3727B53}.Debug|ARM.Deploy.0 = Debug|ARM
		{A5DEE723-823F-4588-B91C-38F7D3727B53}.Debug|iPhone.ActiveCfg = Debug|x86
		{A5DEE723-823F-4588-B91C-38F7D3727B53}.Debug|iPhoneSimulator.ActiveCfg = Debug|x86
		{A5DEE723-823F-4588-B91C-38F7D3727B53}.Debug|x64.ActiveCfg = Debug|x64
		{A5DEE723-823F-4588-B91C-38F7D3727B53}.Debug|x64.Build.0 = Debug|x64
		{A5DEE723-823F-4588-B91C-38F7D3727B53}.Debug|x64.Deploy.0 = Debug|x64
		{A5DEE723-823F-4588-B91C-38F7D3727B53}.Debug|x86.ActiveCfg = Debug|x86
		{A5DEE723-823F-4588-B91C-38F7D3727B53}.Debug|x86.Build.0 = Debug|x86
		{A5DEE723-823F-4588-B91C-38F7D3727B53}.Debug|x86.Deploy.0 = Debug|x86
		{A5DEE723-823F-4588-B91C-38F7D3727B53}.Release|Any CPU.ActiveCfg = Release|x86
		{A5DEE723-823F-4588-B91C-38F7D3727B53}.Release|ARM.ActiveCfg = Release|ARM
		{A5DEE723-823F-4588-B91C-38F7D3727B53}.Release|ARM.Build.0 = Release|ARM
		{A5DEE723-823F-4588-B91C-38F7D3727B53}.Release|ARM.Deploy.0 = Release|ARM
		{A5DEE723-823F-4588-B91C-38F7D3727B53}.Release|iPhone.ActiveCfg = Release|x86
		{A5DEE723-823F-4588-B91C-38F7D3727B53}.Release|iPhoneSimulator.ActiveCfg = Release|x86
		{A5DEE723-823F-4588-B91C-38F7D3727B53}.Release|x64.ActiveCfg = Release|x64
		{A5DEE723-823F-4588-B91C-38F7D3727B53}.Release|x64.Build.0 = Release|x64
		{A5DEE723-823F-4588-B91C-38F7D3727B53}.Release|x64.Deploy.0 = Release|x64
		{A5DEE723-823F-4588-B91C-38F7D3727B53}.Release|x86.ActiveCfg = Release|x86
		{A5DEE723-823F-4588-B91C-38F7D3727B53}.Release|x86.Build.0 = Release|x86
		{A5DEE723-823F-4588-B91C-38F7D3727B53}.Release|x86.Deploy.0 = Release|x86
		{7F465180-A4F9-4F3A-879E-432C3A0B1D7E}.Debug|Any CPU.ActiveCfg = Debug|Any CPU
		{7F465180-A4F9-4F3A-879E-432C3A0B1D7E}.Debug|Any CPU.Build.0 = Debug|Any CPU
		{7F465180-A4F9-4F3A-879E-432C3A0B1D7E}.Debug|ARM.ActiveCfg = Debug|Any CPU
		{7F465180-A4F9-4F3A-879E-432C3A0B1D7E}.Debug|ARM.Build.0 = Debug|Any CPU
		{7F465180-A4F9-4F3A-879E-432C3A0B1D7E}.Debug|iPhone.ActiveCfg = Debug|Any CPU
		{7F465180-A4F9-4F3A-879E-432C3A0B1D7E}.Debug|iPhone.Build.0 = Debug|Any CPU
		{7F465180-A4F9-4F3A-879E-432C3A0B1D7E}.Debug|iPhoneSimulator.ActiveCfg = Debug|Any CPU
		{7F465180-A4F9-4F3A-879E-432C3A0B1D7E}.Debug|iPhoneSimulator.Build.0 = Debug|Any CPU
		{7F465180-A4F9-4F3A-879E-432C3A0B1D7E}.Debug|x64.ActiveCfg = Debug|Any CPU
		{7F465180-A4F9-4F3A-879E-432C3A0B1D7E}.Debug|x64.Build.0 = Debug|Any CPU
		{7F465180-A4F9-4F3A-879E-432C3A0B1D7E}.Debug|x86.ActiveCfg = Debug|Any CPU
		{7F465180-A4F9-4F3A-879E-432C3A0B1D7E}.Debug|x86.Build.0 = Debug|Any CPU
		{7F465180-A4F9-4F3A-879E-432C3A0B1D7E}.Release|Any CPU.ActiveCfg = Release|Any CPU
		{7F465180-A4F9-4F3A-879E-432C3A0B1D7E}.Release|Any CPU.Build.0 = Release|Any CPU
		{7F465180-A4F9-4F3A-879E-432C3A0B1D7E}.Release|ARM.ActiveCfg = Release|Any CPU
		{7F465180-A4F9-4F3A-879E-432C3A0B1D7E}.Release|ARM.Build.0 = Release|Any CPU
		{7F465180-A4F9-4F3A-879E-432C3A0B1D7E}.Release|iPhone.ActiveCfg = Release|Any CPU
		{7F465180-A4F9-4F3A-879E-432C3A0B1D7E}.Release|iPhone.Build.0 = Release|Any CPU
		{7F465180-A4F9-4F3A-879E-432C3A0B1D7E}.Release|iPhoneSimulator.ActiveCfg = Release|Any CPU
		{7F465180-A4F9-4F3A-879E-432C3A0B1D7E}.Release|iPhoneSimulator.Build.0 = Release|Any CPU
		{7F465180-A4F9-4F3A-879E-432C3A0B1D7E}.Release|x64.ActiveCfg = Release|Any CPU
		{7F465180-A4F9-4F3A-879E-432C3A0B1D7E}.Release|x64.Build.0 = Release|Any CPU
		{7F465180-A4F9-4F3A-879E-432C3A0B1D7E}.Release|x86.ActiveCfg = Release|Any CPU
		{7F465180-A4F9-4F3A-879E-432C3A0B1D7E}.Release|x86.Build.0 = Release|Any CPU
	EndGlobalSection
	GlobalSection(SolutionProperties) = preSolution
		HideSolutionNode = FALSE
	EndGlobalSection
	GlobalSection(ExtensibilityGlobals) = postSolution
		SolutionGuid = {517EB4F7-409D-435A-A5B3-91ECD29434AE}
	EndGlobalSection
EndGlobal
